
Microsoft Visual Studio Solution File, Format Version 12.00
# Visual Studio Version 17
VisualStudioVersion = 17.14.36603.0 d17.14
MinimumVisualStudioVersion = 10.0.40219.1
Project("{FAE04EC0-301F-11D3-BF4B-00C04F79EFBC}") = "ITCTRLS_Task", "ITCTRLS_Task.csproj", "{A6DCAF0E-7D15-4548-80AD-691CB849DC32}"
EndProject
Global
	GlobalSection(SolutionConfigurationPlatforms) = preSolution
		Debug|Any CPU = Debug|Any CPU
		Release|Any CPU = Release|Any CPU
	EndGlobalSection
	GlobalSection(ProjectConfigurationPlatforms) = postSolution
		{A6DCAF0E-7D15-4548-80AD-691CB849DC32}.Debug|Any CPU.ActiveCfg = Debug|Any CPU
		{A6DCAF0E-7D15-4548-80AD-691CB849DC32}.Debug|Any CPU.Build.0 = Debug|Any CPU
		{A6DCAF0E-7D15-4548-80AD-691CB849DC32}.Release|Any CPU.ActiveCfg = Release|Any CPU
		{A6DCAF0E-7D15-4548-80AD-691CB849DC32}.Release|Any CPU.Build.0 = Release|Any CPU
	EndGlobalSection
	GlobalSection(SolutionProperties) = preSolution
		HideSolutionNode = FALSE
	EndGlobalSection
	GlobalSection(ExtensibilityGlobals) = postSolution
		SolutionGuid = {4F94268C-2876-41DB-9ABB-AFD740F16276}
	EndGlobalSection
EndGlobal
